// !$*UTF8*$!
{
	archiveVersion = 1;
	classes = {
	};
	objectVersion = 46;
	objects = {

/* Begin PBXBuildFile section */
		99639EBD16958B8300B8D2C4 /* profile.png in Resources */ = {isa = PBXBuildFile; fileRef = 99639EBA16958B8200B8D2C4 /* profile.png */; };
		99639EBE16958B8300B8D2C4 /* saved info icon.png in Resources */ = {isa = PBXBuildFile; fileRef = 99639EBB16958B8200B8D2C4 /* saved info icon.png */; };
		99639EBF16958B8300B8D2C4 /* settings.png in Resources */ = {isa = PBXBuildFile; fileRef = 99639EBC16958B8200B8D2C4 /* settings.png */; };
		E59B58D916494592003F7AFC /* KeyPeopleViewController.m in Sources */ = {isa = PBXBuildFile; fileRef = E59B58D816494592003F7AFC /* KeyPeopleViewController.m */; };
		E59B58DD16494744003F7AFC /* KeyPeopleViewCell.m in Sources */ = {isa = PBXBuildFile; fileRef = E59B58DC16494744003F7AFC /* KeyPeopleViewCell.m */; };
		F91465431695593E00007824 /* appicon.png in Resources */ = {isa = PBXBuildFile; fileRef = F91465421695593E00007824 /* appicon.png */; };
		F91465451695594D00007824 /* appicon2x.png in Resources */ = {isa = PBXBuildFile; fileRef = F91465441695594D00007824 /* appicon2x.png */; };
		F94EC973162D9D2A00FB2E0F /* AVFoundation.framework in Frameworks */ = {isa = PBXBuildFile; fileRef = F94EC972162D9D2A00FB2E0F /* AVFoundation.framework */; };
		F94EC975162D9D3300FB2E0F /* CoreMedia.framework in Frameworks */ = {isa = PBXBuildFile; fileRef = F94EC974162D9D3200FB2E0F /* CoreMedia.framework */; };
		F94EC977162D9D5900FB2E0F /* CoreVideo.framework in Frameworks */ = {isa = PBXBuildFile; fileRef = F94EC976162D9D5900FB2E0F /* CoreVideo.framework */; };
		F94EC979162D9D6900FB2E0F /* QuartzCore.framework in Frameworks */ = {isa = PBXBuildFile; fileRef = F94EC978162D9D6900FB2E0F /* QuartzCore.framework */; };
		F94EC97B162D9D7D00FB2E0F /* libiconv.dylib in Frameworks */ = {isa = PBXBuildFile; fileRef = F94EC97A162D9D7D00FB2E0F /* libiconv.dylib */; };
		F94EC9A3162DA9D900FB2E0F /* libzbar.a in Frameworks */ = {isa = PBXBuildFile; fileRef = F94EC99D162DA9D900FB2E0F /* libzbar.a */; };
		F94EC9A4162DA9D900FB2E0F /* zbar-back.png in Resources */ = {isa = PBXBuildFile; fileRef = F94EC99F162DA9D900FB2E0F /* zbar-back.png */; };
		F94EC9A5162DA9D900FB2E0F /* zbar-help.html in Resources */ = {isa = PBXBuildFile; fileRef = F94EC9A0162DA9D900FB2E0F /* zbar-help.html */; };
		F94EC9A6162DA9D900FB2E0F /* zbar-helpicons.png in Resources */ = {isa = PBXBuildFile; fileRef = F94EC9A1162DA9D900FB2E0F /* zbar-helpicons.png */; };
		F94EC9A7162DA9D900FB2E0F /* zbar-samples.png in Resources */ = {isa = PBXBuildFile; fileRef = F94EC9A2162DA9D900FB2E0F /* zbar-samples.png */; };
		F9542CEE166731C80089658A /* mail_icon.png in Resources */ = {isa = PBXBuildFile; fileRef = F9542CEA166731C80089658A /* mail_icon.png */; };
		F9542CEF166731C80089658A /* mail_icon@2x.png in Resources */ = {isa = PBXBuildFile; fileRef = F9542CEB166731C80089658A /* mail_icon@2x.png */; };
		F9542CF0166731C80089658A /* phone_icon.png in Resources */ = {isa = PBXBuildFile; fileRef = F9542CEC166731C80089658A /* phone_icon.png */; };
		F9542CF1166731C80089658A /* phone_icon@2x.png in Resources */ = {isa = PBXBuildFile; fileRef = F9542CED166731C80089658A /* phone_icon@2x.png */; };
		F9A19D87164953F7001453B5 /* AddressBook.framework in Frameworks */ = {isa = PBXBuildFile; fileRef = F9A19D86164953F7001453B5 /* AddressBook.framework */; };
		F9C113B616396CAC00355835 /* LoginViewController.m in Sources */ = {isa = PBXBuildFile; fileRef = F9C113B516396CAC00355835 /* LoginViewController.m */; };
		FE96AC11162D8F1100DA6891 /* UIKit.framework in Frameworks */ = {isa = PBXBuildFile; fileRef = FE96AC10162D8F1100DA6891 /* UIKit.framework */; };
		FE96AC13162D8F1100DA6891 /* Foundation.framework in Frameworks */ = {isa = PBXBuildFile; fileRef = FE96AC12162D8F1100DA6891 /* Foundation.framework */; };
		FE96AC15162D8F1100DA6891 /* CoreGraphics.framework in Frameworks */ = {isa = PBXBuildFile; fileRef = FE96AC14162D8F1100DA6891 /* CoreGraphics.framework */; };
		FE96AC1B162D8F1100DA6891 /* InfoPlist.strings in Resources */ = {isa = PBXBuildFile; fileRef = FE96AC19162D8F1100DA6891 /* InfoPlist.strings */; };
		FE96AC1D162D8F1100DA6891 /* main.m in Sources */ = {isa = PBXBuildFile; fileRef = FE96AC1C162D8F1100DA6891 /* main.m */; };
		FE96AC21162D8F1100DA6891 /* AppDelegate.m in Sources */ = {isa = PBXBuildFile; fileRef = FE96AC20162D8F1100DA6891 /* AppDelegate.m */; };
		FE96AC23162D8F1100DA6891 /* Default.png in Resources */ = {isa = PBXBuildFile; fileRef = FE96AC22162D8F1100DA6891 /* Default.png */; };
		FE96AC25162D8F1100DA6891 /* Default@2x.png in Resources */ = {isa = PBXBuildFile; fileRef = FE96AC24162D8F1100DA6891 /* Default@2x.png */; };
		FE96AC27162D8F1100DA6891 /* Default-568h@2x.png in Resources */ = {isa = PBXBuildFile; fileRef = FE96AC26162D8F1100DA6891 /* Default-568h@2x.png */; };
		FE96AC2A162D8F1100DA6891 /* MainStoryboard.storyboard in Resources */ = {isa = PBXBuildFile; fileRef = FE96AC28162D8F1100DA6891 /* MainStoryboard.storyboard */; };
		FE96AC2D162D8F1100DA6891 /* MyProfileViewController.m in Sources */ = {isa = PBXBuildFile; fileRef = FE96AC2C162D8F1100DA6891 /* MyProfileViewController.m */; };
		FE96AC2F162D8F1100DA6891 /* first.png in Resources */ = {isa = PBXBuildFile; fileRef = FE96AC2E162D8F1100DA6891 /* first.png */; };
		FE96AC31162D8F1100DA6891 /* first@2x.png in Resources */ = {isa = PBXBuildFile; fileRef = FE96AC30162D8F1100DA6891 /* first@2x.png */; };
		FE96AC34162D8F1100DA6891 /* WhosWhoViewController.m in Sources */ = {isa = PBXBuildFile; fileRef = FE96AC33162D8F1100DA6891 /* WhosWhoViewController.m */; };
		FE96AC36162D8F1100DA6891 /* second.png in Resources */ = {isa = PBXBuildFile; fileRef = FE96AC35162D8F1100DA6891 /* second.png */; };
		FE96AC38162D8F1100DA6891 /* second@2x.png in Resources */ = {isa = PBXBuildFile; fileRef = FE96AC37162D8F1100DA6891 /* second@2x.png */; };
		FE96AC40162D8F1100DA6891 /* SenTestingKit.framework in Frameworks */ = {isa = PBXBuildFile; fileRef = FE96AC3F162D8F1100DA6891 /* SenTestingKit.framework */; };
		FE96AC41162D8F1100DA6891 /* UIKit.framework in Frameworks */ = {isa = PBXBuildFile; fileRef = FE96AC10162D8F1100DA6891 /* UIKit.framework */; };
		FE96AC42162D8F1100DA6891 /* Foundation.framework in Frameworks */ = {isa = PBXBuildFile; fileRef = FE96AC12162D8F1100DA6891 /* Foundation.framework */; };
		FE96AC4A162D8F1100DA6891 /* InfoPlist.strings in Resources */ = {isa = PBXBuildFile; fileRef = FE96AC48162D8F1100DA6891 /* InfoPlist.strings */; };
		FE96AC4D162D8F1100DA6891 /* whos_whoTests.m in Sources */ = {isa = PBXBuildFile; fileRef = FE96AC4C162D8F1100DA6891 /* whos_whoTests.m */; };
/* End PBXBuildFile section */

/* Begin PBXContainerItemProxy section */
		F977EE1E168AC22A00BEB866 /* PBXContainerItemProxy */ = {
			isa = PBXContainerItemProxy;
			containerPortal = FE96AC03162D8F1100DA6891 /* Project object */;
			proxyType = 1;
			remoteGlobalIDString = FE96AC0B162D8F1100DA6891;
			remoteInfo = whos_who;
		};
/* End PBXContainerItemProxy section */

/* Begin PBXFileReference section */
		99639EBA16958B8200B8D2C4 /* profile.png */ = {isa = PBXFileReference; lastKnownFileType = image.png; path = profile.png; sourceTree = "<group>"; };
		99639EBB16958B8200B8D2C4 /* saved info icon.png */ = {isa = PBXFileReference; lastKnownFileType = image.png; path = "saved info icon.png"; sourceTree = "<group>"; };
		99639EBC16958B8200B8D2C4 /* settings.png */ = {isa = PBXFileReference; lastKnownFileType = image.png; path = settings.png; sourceTree = "<group>"; };
		E59B58D716494592003F7AFC /* KeyPeopleViewController.h */ = {isa = PBXFileReference; fileEncoding = 4; lastKnownFileType = sourcecode.c.h; path = KeyPeopleViewController.h; sourceTree = "<group>"; };
		E59B58D816494592003F7AFC /* KeyPeopleViewController.m */ = {isa = PBXFileReference; fileEncoding = 4; lastKnownFileType = sourcecode.c.objc; path = KeyPeopleViewController.m; sourceTree = "<group>"; };
		E59B58DB16494744003F7AFC /* KeyPeopleViewCell.h */ = {isa = PBXFileReference; fileEncoding = 4; lastKnownFileType = sourcecode.c.h; path = KeyPeopleViewCell.h; sourceTree = "<group>"; };
		E59B58DC16494744003F7AFC /* KeyPeopleViewCell.m */ = {isa = PBXFileReference; fileEncoding = 4; lastKnownFileType = sourcecode.c.objc; path = KeyPeopleViewCell.m; sourceTree = "<group>"; };
		F91465421695593E00007824 /* appicon.png */ = {isa = PBXFileReference; lastKnownFileType = image.png; path = appicon.png; sourceTree = "<group>"; };
		F91465441695594D00007824 /* appicon2x.png */ = {isa = PBXFileReference; lastKnownFileType = image.png; path = appicon2x.png; sourceTree = "<group>"; };
		F93EF2941668AE9E00FB083C /* gurgaon.png */ = {isa = PBXFileReference; lastKnownFileType = image.png; path = gurgaon.png; sourceTree = "<group>"; };
		F94EC972162D9D2A00FB2E0F /* AVFoundation.framework */ = {isa = PBXFileReference; lastKnownFileType = wrapper.framework; name = AVFoundation.framework; path = System/Library/Frameworks/AVFoundation.framework; sourceTree = SDKROOT; };
		F94EC974162D9D3200FB2E0F /* CoreMedia.framework */ = {isa = PBXFileReference; lastKnownFileType = wrapper.framework; name = CoreMedia.framework; path = System/Library/Frameworks/CoreMedia.framework; sourceTree = SDKROOT; };
		F94EC976162D9D5900FB2E0F /* CoreVideo.framework */ = {isa = PBXFileReference; lastKnownFileType = wrapper.framework; name = CoreVideo.framework; path = System/Library/Frameworks/CoreVideo.framework; sourceTree = SDKROOT; };
		F94EC978162D9D6900FB2E0F /* QuartzCore.framework */ = {isa = PBXFileReference; lastKnownFileType = wrapper.framework; name = QuartzCore.framework; path = System/Library/Frameworks/QuartzCore.framework; sourceTree = SDKROOT; };
		F94EC97A162D9D7D00FB2E0F /* libiconv.dylib */ = {isa = PBXFileReference; lastKnownFileType = "compiled.mach-o.dylib"; name = libiconv.dylib; path = usr/lib/libiconv.dylib; sourceTree = SDKROOT; };
		F94EC989162DA9D900FB2E0F /* Decoder.h */ = {isa = PBXFileReference; fileEncoding = 4; lastKnownFileType = sourcecode.c.h; path = Decoder.h; sourceTree = "<group>"; };
		F94EC98A162DA9D900FB2E0F /* Exception.h */ = {isa = PBXFileReference; fileEncoding = 4; lastKnownFileType = sourcecode.c.h; path = Exception.h; sourceTree = "<group>"; };
		F94EC98B162DA9D900FB2E0F /* Image.h */ = {isa = PBXFileReference; fileEncoding = 4; lastKnownFileType = sourcecode.c.h; path = Image.h; sourceTree = "<group>"; };
		F94EC98C162DA9D900FB2E0F /* ImageScanner.h */ = {isa = PBXFileReference; fileEncoding = 4; lastKnownFileType = sourcecode.c.h; path = ImageScanner.h; sourceTree = "<group>"; };
		F94EC98D162DA9D900FB2E0F /* Processor.h */ = {isa = PBXFileReference; fileEncoding = 4; lastKnownFileType = sourcecode.c.h; path = Processor.h; sourceTree = "<group>"; };
		F94EC98E162DA9D900FB2E0F /* Scanner.h */ = {isa = PBXFileReference; fileEncoding = 4; lastKnownFileType = sourcecode.c.h; path = Scanner.h; sourceTree = "<group>"; };
		F94EC98F162DA9D900FB2E0F /* Symbol.h */ = {isa = PBXFileReference; fileEncoding = 4; lastKnownFileType = sourcecode.c.h; path = Symbol.h; sourceTree = "<group>"; };
		F94EC990162DA9D900FB2E0F /* Video.h */ = {isa = PBXFileReference; fileEncoding = 4; lastKnownFileType = sourcecode.c.h; path = Video.h; sourceTree = "<group>"; };
		F94EC991162DA9D900FB2E0F /* Window.h */ = {isa = PBXFileReference; fileEncoding = 4; lastKnownFileType = sourcecode.c.h; path = Window.h; sourceTree = "<group>"; };
		F94EC992162DA9D900FB2E0F /* zbar.h */ = {isa = PBXFileReference; fileEncoding = 4; lastKnownFileType = sourcecode.c.h; path = zbar.h; sourceTree = "<group>"; };
		F94EC993162DA9D900FB2E0F /* ZBarCameraSimulator.h */ = {isa = PBXFileReference; fileEncoding = 4; lastKnownFileType = sourcecode.c.h; path = ZBarCameraSimulator.h; sourceTree = "<group>"; };
		F94EC994162DA9D900FB2E0F /* ZBarCaptureReader.h */ = {isa = PBXFileReference; fileEncoding = 4; lastKnownFileType = sourcecode.c.h; path = ZBarCaptureReader.h; sourceTree = "<group>"; };
		F94EC995162DA9D900FB2E0F /* ZBarHelpController.h */ = {isa = PBXFileReference; fileEncoding = 4; lastKnownFileType = sourcecode.c.h; path = ZBarHelpController.h; sourceTree = "<group>"; };
		F94EC996162DA9D900FB2E0F /* ZBarImage.h */ = {isa = PBXFileReference; fileEncoding = 4; lastKnownFileType = sourcecode.c.h; path = ZBarImage.h; sourceTree = "<group>"; };
		F94EC997162DA9D900FB2E0F /* ZBarImageScanner.h */ = {isa = PBXFileReference; fileEncoding = 4; lastKnownFileType = sourcecode.c.h; path = ZBarImageScanner.h; sourceTree = "<group>"; };
		F94EC998162DA9D900FB2E0F /* ZBarReaderController.h */ = {isa = PBXFileReference; fileEncoding = 4; lastKnownFileType = sourcecode.c.h; path = ZBarReaderController.h; sourceTree = "<group>"; };
		F94EC999162DA9D900FB2E0F /* ZBarReaderView.h */ = {isa = PBXFileReference; fileEncoding = 4; lastKnownFileType = sourcecode.c.h; path = ZBarReaderView.h; sourceTree = "<group>"; };
		F94EC99A162DA9D900FB2E0F /* ZBarReaderViewController.h */ = {isa = PBXFileReference; fileEncoding = 4; lastKnownFileType = sourcecode.c.h; path = ZBarReaderViewController.h; sourceTree = "<group>"; };
		F94EC99B162DA9D900FB2E0F /* ZBarSDK.h */ = {isa = PBXFileReference; fileEncoding = 4; lastKnownFileType = sourcecode.c.h; path = ZBarSDK.h; sourceTree = "<group>"; };
		F94EC99C162DA9D900FB2E0F /* ZBarSymbol.h */ = {isa = PBXFileReference; fileEncoding = 4; lastKnownFileType = sourcecode.c.h; path = ZBarSymbol.h; sourceTree = "<group>"; };
		F94EC99D162DA9D900FB2E0F /* libzbar.a */ = {isa = PBXFileReference; lastKnownFileType = archive.ar; path = libzbar.a; sourceTree = "<group>"; };
		F94EC99F162DA9D900FB2E0F /* zbar-back.png */ = {isa = PBXFileReference; lastKnownFileType = image.png; path = "zbar-back.png"; sourceTree = "<group>"; };
		F94EC9A0162DA9D900FB2E0F /* zbar-help.html */ = {isa = PBXFileReference; fileEncoding = 4; lastKnownFileType = text.html; path = "zbar-help.html"; sourceTree = "<group>"; };
		F94EC9A1162DA9D900FB2E0F /* zbar-helpicons.png */ = {isa = PBXFileReference; lastKnownFileType = image.png; path = "zbar-helpicons.png"; sourceTree = "<group>"; };
		F94EC9A2162DA9D900FB2E0F /* zbar-samples.png */ = {isa = PBXFileReference; lastKnownFileType = image.png; path = "zbar-samples.png"; sourceTree = "<group>"; };
		F9542CEA166731C80089658A /* mail_icon.png */ = {isa = PBXFileReference; lastKnownFileType = image.png; path = mail_icon.png; sourceTree = "<group>"; };
		F9542CEB166731C80089658A /* mail_icon@2x.png */ = {isa = PBXFileReference; lastKnownFileType = image.png; path = "mail_icon@2x.png"; sourceTree = "<group>"; };
		F9542CEC166731C80089658A /* phone_icon.png */ = {isa = PBXFileReference; lastKnownFileType = image.png; path = phone_icon.png; sourceTree = "<group>"; };
		F9542CED166731C80089658A /* phone_icon@2x.png */ = {isa = PBXFileReference; lastKnownFileType = image.png; path = "phone_icon@2x.png"; sourceTree = "<group>"; };
		F9567BB7166788F800AE22EC /* jagbirs.png */ = {isa = PBXFileReference; lastKnownFileType = image.png; path = jagbirs.png; sourceTree = "<group>"; };
		F9567BB91667894F00AE22EC /* error.png */ = {isa = PBXFileReference; lastKnownFileType = image.png; path = error.png; sourceTree = "<group>"; };
		F9A19D86164953F7001453B5 /* AddressBook.framework */ = {isa = PBXFileReference; lastKnownFileType = wrapper.framework; name = AddressBook.framework; path = System/Library/Frameworks/AddressBook.framework; sourceTree = SDKROOT; };
		F9C113B416396CAC00355835 /* LoginViewController.h */ = {isa = PBXFileReference; fileEncoding = 4; lastKnownFileType = sourcecode.c.h; path = LoginViewController.h; sourceTree = "<group>"; };
		F9C113B516396CAC00355835 /* LoginViewController.m */ = {isa = PBXFileReference; fileEncoding = 4; lastKnownFileType = sourcecode.c.objc; path = LoginViewController.m; sourceTree = "<group>"; };
		FE96AC0C162D8F1100DA6891 /* Who's who.app */ = {isa = PBXFileReference; explicitFileType = wrapper.application; includeInIndex = 0; path = "Who's who.app"; sourceTree = BUILT_PRODUCTS_DIR; };
		FE96AC10162D8F1100DA6891 /* UIKit.framework */ = {isa = PBXFileReference; lastKnownFileType = wrapper.framework; name = UIKit.framework; path = System/Library/Frameworks/UIKit.framework; sourceTree = SDKROOT; };
		FE96AC12162D8F1100DA6891 /* Foundation.framework */ = {isa = PBXFileReference; lastKnownFileType = wrapper.framework; name = Foundation.framework; path = System/Library/Frameworks/Foundation.framework; sourceTree = SDKROOT; };
		FE96AC14162D8F1100DA6891 /* CoreGraphics.framework */ = {isa = PBXFileReference; lastKnownFileType = wrapper.framework; name = CoreGraphics.framework; path = System/Library/Frameworks/CoreGraphics.framework; sourceTree = SDKROOT; };
		FE96AC18162D8F1100DA6891 /* whos_who-Info.plist */ = {isa = PBXFileReference; lastKnownFileType = text.plist.xml; path = "whos_who-Info.plist"; sourceTree = "<group>"; };
		FE96AC1A162D8F1100DA6891 /* en */ = {isa = PBXFileReference; lastKnownFileType = text.plist.strings; name = en; path = en.lproj/InfoPlist.strings; sourceTree = "<group>"; };
		FE96AC1C162D8F1100DA6891 /* main.m */ = {isa = PBXFileReference; lastKnownFileType = sourcecode.c.objc; path = main.m; sourceTree = "<group>"; };
		FE96AC1E162D8F1100DA6891 /* whos_who-Prefix.pch */ = {isa = PBXFileReference; lastKnownFileType = sourcecode.c.h; path = "whos_who-Prefix.pch"; sourceTree = "<group>"; };
		FE96AC1F162D8F1100DA6891 /* AppDelegate.h */ = {isa = PBXFileReference; lastKnownFileType = sourcecode.c.h; path = AppDelegate.h; sourceTree = "<group>"; };
		FE96AC20162D8F1100DA6891 /* AppDelegate.m */ = {isa = PBXFileReference; lastKnownFileType = sourcecode.c.objc; path = AppDelegate.m; sourceTree = "<group>"; };
		FE96AC22162D8F1100DA6891 /* Default.png */ = {isa = PBXFileReference; lastKnownFileType = image.png; path = Default.png; sourceTree = "<group>"; };
		FE96AC24162D8F1100DA6891 /* Default@2x.png */ = {isa = PBXFileReference; lastKnownFileType = image.png; path = "Default@2x.png"; sourceTree = "<group>"; };
		FE96AC26162D8F1100DA6891 /* Default-568h@2x.png */ = {isa = PBXFileReference; lastKnownFileType = image.png; path = "Default-568h@2x.png"; sourceTree = "<group>"; };
		FE96AC29162D8F1100DA6891 /* en */ = {isa = PBXFileReference; lastKnownFileType = file.storyboard; name = en; path = en.lproj/MainStoryboard.storyboard; sourceTree = "<group>"; };
		FE96AC2B162D8F1100DA6891 /* MyProfileViewController.h */ = {isa = PBXFileReference; lastKnownFileType = sourcecode.c.h; path = MyProfileViewController.h; sourceTree = "<group>"; };
		FE96AC2C162D8F1100DA6891 /* MyProfileViewController.m */ = {isa = PBXFileReference; lastKnownFileType = sourcecode.c.objc; path = MyProfileViewController.m; sourceTree = "<group>"; };
		FE96AC2E162D8F1100DA6891 /* first.png */ = {isa = PBXFileReference; lastKnownFileType = image.png; path = first.png; sourceTree = "<group>"; };
		FE96AC30162D8F1100DA6891 /* first@2x.png */ = {isa = PBXFileReference; lastKnownFileType = image.png; path = "first@2x.png"; sourceTree = "<group>"; };
		FE96AC32162D8F1100DA6891 /* WhosWhoViewController.h */ = {isa = PBXFileReference; lastKnownFileType = sourcecode.c.h; path = WhosWhoViewController.h; sourceTree = "<group>"; };
		FE96AC33162D8F1100DA6891 /* WhosWhoViewController.m */ = {isa = PBXFileReference; lastKnownFileType = sourcecode.c.objc; path = WhosWhoViewController.m; sourceTree = "<group>"; };
		FE96AC35162D8F1100DA6891 /* second.png */ = {isa = PBXFileReference; lastKnownFileType = image.png; path = second.png; sourceTree = "<group>"; };
		FE96AC37162D8F1100DA6891 /* second@2x.png */ = {isa = PBXFileReference; lastKnownFileType = image.png; path = "second@2x.png"; sourceTree = "<group>"; };
		FE96AC3E162D8F1100DA6891 /* whos_whoTests.octest */ = {isa = PBXFileReference; explicitFileType = wrapper.cfbundle; includeInIndex = 0; path = whos_whoTests.octest; sourceTree = BUILT_PRODUCTS_DIR; };
		FE96AC3F162D8F1100DA6891 /* SenTestingKit.framework */ = {isa = PBXFileReference; lastKnownFileType = wrapper.framework; name = SenTestingKit.framework; path = Library/Frameworks/SenTestingKit.framework; sourceTree = DEVELOPER_DIR; };
		FE96AC47162D8F1100DA6891 /* whos_whoTests-Info.plist */ = {isa = PBXFileReference; lastKnownFileType = text.plist.xml; path = "whos_whoTests-Info.plist"; sourceTree = "<group>"; };
		FE96AC49162D8F1100DA6891 /* en */ = {isa = PBXFileReference; lastKnownFileType = text.plist.strings; name = en; path = en.lproj/InfoPlist.strings; sourceTree = "<group>"; };
		FE96AC4B162D8F1100DA6891 /* whos_whoTests.h */ = {isa = PBXFileReference; lastKnownFileType = sourcecode.c.h; path = whos_whoTests.h; sourceTree = "<group>"; };
		FE96AC4C162D8F1100DA6891 /* whos_whoTests.m */ = {isa = PBXFileReference; lastKnownFileType = sourcecode.c.objc; path = whos_whoTests.m; sourceTree = "<group>"; };
/* End PBXFileReference section */

/* Begin PBXFrameworksBuildPhase section */
		FE96AC09162D8F1100DA6891 /* Frameworks */ = {
			isa = PBXFrameworksBuildPhase;
			buildActionMask = 2147483647;
			files = (
				F9A19D87164953F7001453B5 /* AddressBook.framework in Frameworks */,
				F94EC97B162D9D7D00FB2E0F /* libiconv.dylib in Frameworks */,
				F94EC979162D9D6900FB2E0F /* QuartzCore.framework in Frameworks */,
				F94EC977162D9D5900FB2E0F /* CoreVideo.framework in Frameworks */,
				F94EC975162D9D3300FB2E0F /* CoreMedia.framework in Frameworks */,
				F94EC973162D9D2A00FB2E0F /* AVFoundation.framework in Frameworks */,
				FE96AC11162D8F1100DA6891 /* UIKit.framework in Frameworks */,
				FE96AC13162D8F1100DA6891 /* Foundation.framework in Frameworks */,
				FE96AC15162D8F1100DA6891 /* CoreGraphics.framework in Frameworks */,
				F94EC9A3162DA9D900FB2E0F /* libzbar.a in Frameworks */,
			);
			runOnlyForDeploymentPostprocessing = 0;
		};
		FE96AC3A162D8F1100DA6891 /* Frameworks */ = {
			isa = PBXFrameworksBuildPhase;
			buildActionMask = 2147483647;
			files = (
				FE96AC40162D8F1100DA6891 /* SenTestingKit.framework in Frameworks */,
				FE96AC41162D8F1100DA6891 /* UIKit.framework in Frameworks */,
				FE96AC42162D8F1100DA6891 /* Foundation.framework in Frameworks */,
			);
			runOnlyForDeploymentPostprocessing = 0;
		};
/* End PBXFrameworksBuildPhase section */

/* Begin PBXGroup section */
		F94EC985162DA9D900FB2E0F /* ZBarSDK */ = {
			isa = PBXGroup;
			children = (
				F94EC986162DA9D900FB2E0F /* Headers */,
				F94EC99D162DA9D900FB2E0F /* libzbar.a */,
				F94EC99E162DA9D900FB2E0F /* Resources */,
			);
			path = ZBarSDK;
			sourceTree = "<group>";
		};
		F94EC986162DA9D900FB2E0F /* Headers */ = {
			isa = PBXGroup;
			children = (
				F94EC987162DA9D900FB2E0F /* ZBarSDK */,
			);
			path = Headers;
			sourceTree = "<group>";
		};
		F94EC987162DA9D900FB2E0F /* ZBarSDK */ = {
			isa = PBXGroup;
			children = (
				F94EC988162DA9D900FB2E0F /* zbar */,
				F94EC992162DA9D900FB2E0F /* zbar.h */,
				F94EC993162DA9D900FB2E0F /* ZBarCameraSimulator.h */,
				F94EC994162DA9D900FB2E0F /* ZBarCaptureReader.h */,
				F94EC995162DA9D900FB2E0F /* ZBarHelpController.h */,
				F94EC996162DA9D900FB2E0F /* ZBarImage.h */,
				F94EC997162DA9D900FB2E0F /* ZBarImageScanner.h */,
				F94EC998162DA9D900FB2E0F /* ZBarReaderController.h */,
				F94EC999162DA9D900FB2E0F /* ZBarReaderView.h */,
				F94EC99A162DA9D900FB2E0F /* ZBarReaderViewController.h */,
				F94EC99B162DA9D900FB2E0F /* ZBarSDK.h */,
				F94EC99C162DA9D900FB2E0F /* ZBarSymbol.h */,
			);
			path = ZBarSDK;
			sourceTree = "<group>";
		};
		F94EC988162DA9D900FB2E0F /* zbar */ = {
			isa = PBXGroup;
			children = (
				F94EC989162DA9D900FB2E0F /* Decoder.h */,
				F94EC98A162DA9D900FB2E0F /* Exception.h */,
				F94EC98B162DA9D900FB2E0F /* Image.h */,
				F94EC98C162DA9D900FB2E0F /* ImageScanner.h */,
				F94EC98D162DA9D900FB2E0F /* Processor.h */,
				F94EC98E162DA9D900FB2E0F /* Scanner.h */,
				F94EC98F162DA9D900FB2E0F /* Symbol.h */,
				F94EC990162DA9D900FB2E0F /* Video.h */,
				F94EC991162DA9D900FB2E0F /* Window.h */,
			);
			path = zbar;
			sourceTree = "<group>";
		};
		F94EC99E162DA9D900FB2E0F /* Resources */ = {
			isa = PBXGroup;
			children = (
				F94EC99F162DA9D900FB2E0F /* zbar-back.png */,
				F94EC9A0162DA9D900FB2E0F /* zbar-help.html */,
				F94EC9A1162DA9D900FB2E0F /* zbar-helpicons.png */,
				F94EC9A2162DA9D900FB2E0F /* zbar-samples.png */,
			);
			path = Resources;
			sourceTree = "<group>";
		};
		FE96AC01162D8F1100DA6891 = {
			isa = PBXGroup;
			children = (
				F91465441695594D00007824 /* appicon2x.png */,
				F91465421695593E00007824 /* appicon.png */,
				F9A19D86164953F7001453B5 /* AddressBook.framework */,
				F94EC97A162D9D7D00FB2E0F /* libiconv.dylib */,
				F94EC978162D9D6900FB2E0F /* QuartzCore.framework */,
				F94EC976162D9D5900FB2E0F /* CoreVideo.framework */,
				F94EC974162D9D3200FB2E0F /* CoreMedia.framework */,
				F94EC972162D9D2A00FB2E0F /* AVFoundation.framework */,
				FE96AC16162D8F1100DA6891 /* whos_who */,
				FE96AC45162D8F1100DA6891 /* whos_whoTests */,
				FE96AC0F162D8F1100DA6891 /* Frameworks */,
				FE96AC0D162D8F1100DA6891 /* Products */,
			);
			sourceTree = "<group>";
		};
		FE96AC0D162D8F1100DA6891 /* Products */ = {
			isa = PBXGroup;
			children = (
				FE96AC0C162D8F1100DA6891 /* Who's who.app */,
				FE96AC3E162D8F1100DA6891 /* whos_whoTests.octest */,
			);
			name = Products;
			sourceTree = "<group>";
		};
		FE96AC0F162D8F1100DA6891 /* Frameworks */ = {
			isa = PBXGroup;
			children = (
				F94EC985162DA9D900FB2E0F /* ZBarSDK */,
				FE96AC10162D8F1100DA6891 /* UIKit.framework */,
				FE96AC12162D8F1100DA6891 /* Foundation.framework */,
				FE96AC14162D8F1100DA6891 /* CoreGraphics.framework */,
				FE96AC3F162D8F1100DA6891 /* SenTestingKit.framework */,
			);
			name = Frameworks;
			sourceTree = "<group>";
		};
		FE96AC16162D8F1100DA6891 /* whos_who */ = {
			isa = PBXGroup;
			children = (
				99639EBA16958B8200B8D2C4 /* profile.png */,
				99639EBB16958B8200B8D2C4 /* saved info icon.png */,
				99639EBC16958B8200B8D2C4 /* settings.png */,
				F9542CEA166731C80089658A /* mail_icon.png */,
				F9542CEB166731C80089658A /* mail_icon@2x.png */,
				F9542CEC166731C80089658A /* phone_icon.png */,
				F9542CED166731C80089658A /* phone_icon@2x.png */,
				FE96AC1F162D8F1100DA6891 /* AppDelegate.h */,
				FE96AC20162D8F1100DA6891 /* AppDelegate.m */,
				FE96AC28162D8F1100DA6891 /* MainStoryboard.storyboard */,
				FE96AC2B162D8F1100DA6891 /* MyProfileViewController.h */,
				FE96AC2C162D8F1100DA6891 /* MyProfileViewController.m */,
				FE96AC2E162D8F1100DA6891 /* first.png */,
				FE96AC30162D8F1100DA6891 /* first@2x.png */,
				FE96AC32162D8F1100DA6891 /* WhosWhoViewController.h */,
				FE96AC33162D8F1100DA6891 /* WhosWhoViewController.m */,
				FE96AC35162D8F1100DA6891 /* second.png */,
				FE96AC37162D8F1100DA6891 /* second@2x.png */,
				FE96AC17162D8F1100DA6891 /* Supporting Files */,
				F9C113B416396CAC00355835 /* LoginViewController.h */,
				F9C113B516396CAC00355835 /* LoginViewController.m */,
				E59B58D716494592003F7AFC /* KeyPeopleViewController.h */,
				E59B58D816494592003F7AFC /* KeyPeopleViewController.m */,
				E59B58DB16494744003F7AFC /* KeyPeopleViewCell.h */,
				E59B58DC16494744003F7AFC /* KeyPeopleViewCell.m */,
			);
			path = whos_who;
			sourceTree = "<group>";
		};
		FE96AC17162D8F1100DA6891 /* Supporting Files */ = {
			isa = PBXGroup;
			children = (
				FE96AC18162D8F1100DA6891 /* whos_who-Info.plist */,
				FE96AC19162D8F1100DA6891 /* InfoPlist.strings */,
				FE96AC1C162D8F1100DA6891 /* main.m */,
				FE96AC1E162D8F1100DA6891 /* whos_who-Prefix.pch */,
				FE96AC22162D8F1100DA6891 /* Default.png */,
				FE96AC24162D8F1100DA6891 /* Default@2x.png */,
				FE96AC26162D8F1100DA6891 /* Default-568h@2x.png */,
			);
			name = "Supporting Files";
			sourceTree = "<group>";
		};
		FE96AC45162D8F1100DA6891 /* whos_whoTests */ = {
			isa = PBXGroup;
			children = (
				FE96AC4B162D8F1100DA6891 /* whos_whoTests.h */,
				FE96AC4C162D8F1100DA6891 /* whos_whoTests.m */,
				FE96AC46162D8F1100DA6891 /* Supporting Files */,
			);
			path = whos_whoTests;
			sourceTree = "<group>";
		};
		FE96AC46162D8F1100DA6891 /* Supporting Files */ = {
			isa = PBXGroup;
			children = (
				F93EF2941668AE9E00FB083C /* gurgaon.png */,
				F9567BB91667894F00AE22EC /* error.png */,
				F9567BB7166788F800AE22EC /* jagbirs.png */,
				FE96AC47162D8F1100DA6891 /* whos_whoTests-Info.plist */,
				FE96AC48162D8F1100DA6891 /* InfoPlist.strings */,
			);
			name = "Supporting Files";
			sourceTree = "<group>";
		};
/* End PBXGroup section */

/* Begin PBXNativeTarget section */
		FE96AC0B162D8F1100DA6891 /* whos_who */ = {
			isa = PBXNativeTarget;
			buildConfigurationList = FE96AC50162D8F1100DA6891 /* Build configuration list for PBXNativeTarget "whos_who" */;
			buildPhases = (
				FE96AC08162D8F1100DA6891 /* Sources */,
				FE96AC09162D8F1100DA6891 /* Frameworks */,
				FE96AC0A162D8F1100DA6891 /* Resources */,
			);
			buildRules = (
			);
			dependencies = (
			);
			name = whos_who;
			productName = whos_who;
			productReference = FE96AC0C162D8F1100DA6891 /* Who's who.app */;
			productType = "com.apple.product-type.application";
		};
		FE96AC3D162D8F1100DA6891 /* whos_whoTests */ = {
			isa = PBXNativeTarget;
			buildConfigurationList = FE96AC53162D8F1100DA6891 /* Build configuration list for PBXNativeTarget "whos_whoTests" */;
			buildPhases = (
				FE96AC39162D8F1100DA6891 /* Sources */,
				FE96AC3A162D8F1100DA6891 /* Frameworks */,
				FE96AC3B162D8F1100DA6891 /* Resources */,
				FE96AC3C162D8F1100DA6891 /* ShellScript */,
			);
			buildRules = (
			);
			dependencies = (
				F977EE1F168AC22A00BEB866 /* PBXTargetDependency */,
			);
			name = whos_whoTests;
			productName = whos_whoTests;
			productReference = FE96AC3E162D8F1100DA6891 /* whos_whoTests.octest */;
			productType = "com.apple.product-type.bundle";
		};
/* End PBXNativeTarget section */

/* Begin PBXProject section */
		FE96AC03162D8F1100DA6891 /* Project object */ = {
			isa = PBXProject;
			attributes = {
				LastUpgradeCheck = 0450;
				ORGANIZATIONNAME = Hephzibah;
			};
			buildConfigurationList = FE96AC06162D8F1100DA6891 /* Build configuration list for PBXProject "whos_who" */;
			compatibilityVersion = "Xcode 3.2";
			developmentRegion = English;
			hasScannedForEncodings = 0;
			knownRegions = (
				en,
			);
			mainGroup = FE96AC01162D8F1100DA6891;
			productRefGroup = FE96AC0D162D8F1100DA6891 /* Products */;
			projectDirPath = "";
			projectRoot = "";
			targets = (
				FE96AC0B162D8F1100DA6891 /* whos_who */,
				FE96AC3D162D8F1100DA6891 /* whos_whoTests */,
			);
		};
/* End PBXProject section */

/* Begin PBXResourcesBuildPhase section */
		FE96AC0A162D8F1100DA6891 /* Resources */ = {
			isa = PBXResourcesBuildPhase;
			buildActionMask = 2147483647;
			files = (
				FE96AC1B162D8F1100DA6891 /* InfoPlist.strings in Resources */,
				FE96AC23162D8F1100DA6891 /* Default.png in Resources */,
				FE96AC25162D8F1100DA6891 /* Default@2x.png in Resources */,
				FE96AC27162D8F1100DA6891 /* Default-568h@2x.png in Resources */,
				FE96AC2A162D8F1100DA6891 /* MainStoryboard.storyboard in Resources */,
				FE96AC2F162D8F1100DA6891 /* first.png in Resources */,
				FE96AC31162D8F1100DA6891 /* first@2x.png in Resources */,
				FE96AC36162D8F1100DA6891 /* second.png in Resources */,
				FE96AC38162D8F1100DA6891 /* second@2x.png in Resources */,
				F94EC9A4162DA9D900FB2E0F /* zbar-back.png in Resources */,
				F94EC9A5162DA9D900FB2E0F /* zbar-help.html in Resources */,
				F94EC9A6162DA9D900FB2E0F /* zbar-helpicons.png in Resources */,
				F94EC9A7162DA9D900FB2E0F /* zbar-samples.png in Resources */,
				F9542CEE166731C80089658A /* mail_icon.png in Resources */,
				F9542CEF166731C80089658A /* mail_icon@2x.png in Resources */,
				F9542CF0166731C80089658A /* phone_icon.png in Resources */,
				F9542CF1166731C80089658A /* phone_icon@2x.png in Resources */,
				F91465431695593E00007824 /* appicon.png in Resources */,
				F91465451695594D00007824 /* appicon2x.png in Resources */,
				99639EBD16958B8300B8D2C4 /* profile.png in Resources */,
				99639EBE16958B8300B8D2C4 /* saved info icon.png in Resources */,
				99639EBF16958B8300B8D2C4 /* settings.png in Resources */,
			);
			runOnlyForDeploymentPostprocessing = 0;
		};
		FE96AC3B162D8F1100DA6891 /* Resources */ = {
			isa = PBXResourcesBuildPhase;
			buildActionMask = 2147483647;
			files = (
				FE96AC4A162D8F1100DA6891 /* InfoPlist.strings in Resources */,
			);
			runOnlyForDeploymentPostprocessing = 0;
		};
/* End PBXResourcesBuildPhase section */

/* Begin PBXShellScriptBuildPhase section */
		FE96AC3C162D8F1100DA6891 /* ShellScript */ = {
			isa = PBXShellScriptBuildPhase;
			buildActionMask = 2147483647;
			files = (
			);
			inputPaths = (
			);
			outputPaths = (
			);
			runOnlyForDeploymentPostprocessing = 0;
			shellPath = /bin/sh;
			shellScript = "if [ \"$RUN_UNIT_TEST_WITH_IOS_SIM\" = \"YES\" ]; then\ntest_bundle_path=\"$BUILT_PRODUCTS_DIR/$PRODUCT_NAME.$WRAPPER_EXTENSION\"\nenvironment_args=\"--setenv DYLD_INSERT_LIBRARIES=/../../Library/PrivateFrameworks/IDEBundleInjection.framework/IDEBundleInjection --setenv XCInjectBundle=$test_bundle_path --setenv XCInjectBundleInto=$TEST_HOST\"\nios-sim launch \"$(dirname \\\"$TEST_HOST\\\")\" \"$environment_args\" --args -SenTest All $test_bundle_path\necho \"Finished running tests with ios-sim\"\nelse\n\"${SYSTEM_DEVELOPER_DIR}/Tools/RunUnitTests\"\nfi";
		};
/* End PBXShellScriptBuildPhase section */

/* Begin PBXSourcesBuildPhase section */
		FE96AC08162D8F1100DA6891 /* Sources */ = {
			isa = PBXSourcesBuildPhase;
			buildActionMask = 2147483647;
			files = (
				FE96AC1D162D8F1100DA6891 /* main.m in Sources */,
				FE96AC21162D8F1100DA6891 /* AppDelegate.m in Sources */,
				FE96AC2D162D8F1100DA6891 /* MyProfileViewController.m in Sources */,
				FE96AC34162D8F1100DA6891 /* WhosWhoViewController.m in Sources */,
				F9C113B616396CAC00355835 /* LoginViewController.m in Sources */,
				E59B58D916494592003F7AFC /* KeyPeopleViewController.m in Sources */,
				E59B58DD16494744003F7AFC /* KeyPeopleViewCell.m in Sources */,
			);
			runOnlyForDeploymentPostprocessing = 0;
		};
		FE96AC39162D8F1100DA6891 /* Sources */ = {
			isa = PBXSourcesBuildPhase;
			buildActionMask = 2147483647;
			files = (
				FE96AC4D162D8F1100DA6891 /* whos_whoTests.m in Sources */,
			);
			runOnlyForDeploymentPostprocessing = 0;
		};
/* End PBXSourcesBuildPhase section */

/* Begin PBXTargetDependency section */
		F977EE1F168AC22A00BEB866 /* PBXTargetDependency */ = {
			isa = PBXTargetDependency;
			target = FE96AC0B162D8F1100DA6891 /* whos_who */;
			targetProxy = F977EE1E168AC22A00BEB866 /* PBXContainerItemProxy */;
		};
/* End PBXTargetDependency section */

/* Begin PBXVariantGroup section */
		FE96AC19162D8F1100DA6891 /* InfoPlist.strings */ = {
			isa = PBXVariantGroup;
			children = (
				FE96AC1A162D8F1100DA6891 /* en */,
			);
			name = InfoPlist.strings;
			sourceTree = "<group>";
		};
		FE96AC28162D8F1100DA6891 /* MainStoryboard.storyboard */ = {
			isa = PBXVariantGroup;
			children = (
				FE96AC29162D8F1100DA6891 /* en */,
			);
			name = MainStoryboard.storyboard;
			sourceTree = "<group>";
		};
		FE96AC48162D8F1100DA6891 /* InfoPlist.strings */ = {
			isa = PBXVariantGroup;
			children = (
				FE96AC49162D8F1100DA6891 /* en */,
			);
			name = InfoPlist.strings;
			sourceTree = "<group>";
		};
/* End PBXVariantGroup section */

/* Begin XCBuildConfiguration section */
		FE96AC4E162D8F1100DA6891 /* Debug */ = {
			isa = XCBuildConfiguration;
			buildSettings = {
				ALWAYS_SEARCH_USER_PATHS = NO;
				CLANG_CXX_LANGUAGE_STANDARD = "gnu++0x";
				CLANG_CXX_LIBRARY = "libc++";
				CLANG_ENABLE_OBJC_ARC = YES;
				CLANG_WARN_EMPTY_BODY = YES;
				CLANG_WARN__DUPLICATE_METHOD_MATCH = YES;
				"CODE_SIGN_IDENTITY[sdk=iphoneos*]" = "iPhone Developer";
				COPY_PHASE_STRIP = NO;
				GCC_C_LANGUAGE_STANDARD = gnu99;
				GCC_DYNAMIC_NO_PIC = NO;
				GCC_OPTIMIZATION_LEVEL = 0;
				GCC_PREPROCESSOR_DEFINITIONS = (
					"DEBUG=1",
					"$(inherited)",
				);
				GCC_SYMBOLS_PRIVATE_EXTERN = NO;
				GCC_WARN_ABOUT_RETURN_TYPE = YES;
				GCC_WARN_UNINITIALIZED_AUTOS = YES;
				GCC_WARN_UNUSED_VARIABLE = YES;
				IPHONEOS_DEPLOYMENT_TARGET = 6.0;
				ONLY_ACTIVE_ARCH = YES;
				PRODUCT_NAME = "$(TARGET_NAME)";
				SDKROOT = iphoneos;
				TEST_AFTER_BUILD = YES;
			};
			name = Debug;
		};
		FE96AC4F162D8F1100DA6891 /* Release */ = {
			isa = XCBuildConfiguration;
			buildSettings = {
				ALWAYS_SEARCH_USER_PATHS = NO;
				CLANG_CXX_LANGUAGE_STANDARD = "gnu++0x";
				CLANG_CXX_LIBRARY = "libc++";
				CLANG_ENABLE_OBJC_ARC = YES;
				CLANG_WARN_EMPTY_BODY = YES;
				CLANG_WARN__DUPLICATE_METHOD_MATCH = YES;
				"CODE_SIGN_IDENTITY[sdk=iphoneos*]" = "iPhone Developer";
				COPY_PHASE_STRIP = YES;
				GCC_C_LANGUAGE_STANDARD = gnu99;
				GCC_WARN_ABOUT_RETURN_TYPE = YES;
				GCC_WARN_UNINITIALIZED_AUTOS = YES;
				GCC_WARN_UNUSED_VARIABLE = YES;
				IPHONEOS_DEPLOYMENT_TARGET = 6.0;
				OTHER_CFLAGS = "-DNS_BLOCK_ASSERTIONS=1";
				PRODUCT_NAME = "$(TARGET_NAME)";
				SDKROOT = iphoneos;
				TEST_AFTER_BUILD = YES;
				VALIDATE_PRODUCT = YES;
			};
			name = Release;
		};
		FE96AC51162D8F1100DA6891 /* Debug */ = {
			isa = XCBuildConfiguration;
			buildSettings = {
				GCC_PRECOMPILE_PREFIX_HEADER = YES;
				GCC_PREFIX_HEADER = "whos_who/whos_who-Prefix.pch";
				INFOPLIST_FILE = "whos_who/whos_who-Info.plist";
				LIBRARY_SEARCH_PATHS = (
					"$(inherited)",
					"\"$(SRCROOT)/ZBarSDK\"",
				);
				PRODUCT_NAME = "Who's who";
				WRAPPER_EXTENSION = app;
			};
			name = Debug;
		};
		FE96AC52162D8F1100DA6891 /* Release */ = {
			isa = XCBuildConfiguration;
			buildSettings = {
				GCC_PRECOMPILE_PREFIX_HEADER = YES;
				GCC_PREFIX_HEADER = "whos_who/whos_who-Prefix.pch";
				INFOPLIST_FILE = "whos_who/whos_who-Info.plist";
				LIBRARY_SEARCH_PATHS = (
					"$(inherited)",
					"\"$(SRCROOT)/ZBarSDK\"",
				);
				PRODUCT_NAME = "Who's who";
				WRAPPER_EXTENSION = app;
			};
			name = Release;
		};
		FE96AC54162D8F1100DA6891 /* Debug */ = {
			isa = XCBuildConfiguration;
			buildSettings = {
				BUNDLE_LOADER = "$(BUILT_PRODUCTS_DIR)/Who's who.app/Who's who";
				FRAMEWORK_SEARCH_PATHS = (
					"\"$(SDKROOT)/Developer/Library/Frameworks\"",
					"\"$(DEVELOPER_LIBRARY_DIR)/Frameworks\"",
				);
				GCC_PRECOMPILE_PREFIX_HEADER = YES;
				GCC_PREFIX_HEADER = "whos_who/whos_who-Prefix.pch";
				HEADER_SEARCH_PATHS = "";
				INFOPLIST_FILE = "whos_whoTests/whos_whoTests-Info.plist";
				LIBRARY_SEARCH_PATHS = (
					"$(inherited)",
					"\"$(SRCROOT)/ZBarSDK\"",
				);
				PRODUCT_NAME = "$(TARGET_NAME)";
				TEST_AFTER_BUILD = NO;
				TEST_HOST = "$(BUNDLE_LOADER)";
				WRAPPER_EXTENSION = octest;
			};
			name = Debug;
		};
		FE96AC55162D8F1100DA6891 /* Release */ = {
			isa = XCBuildConfiguration;
			buildSettings = {
				BUNDLE_LOADER = "$(BUILT_PRODUCTS_DIR)/whos_who.app/whos_who";
				FRAMEWORK_SEARCH_PATHS = (
					"\"$(SDKROOT)/Developer/Library/Frameworks\"",
					"\"$(DEVELOPER_LIBRARY_DIR)/Frameworks\"",
				);
				GCC_PRECOMPILE_PREFIX_HEADER = YES;
				GCC_PREFIX_HEADER = "whos_who/whos_who-Prefix.pch";
				HEADER_SEARCH_PATHS = "";
				INFOPLIST_FILE = "whos_whoTests/whos_whoTests-Info.plist";
				LIBRARY_SEARCH_PATHS = (
					"$(inherited)",
					"\"$(SRCROOT)/ZBarSDK\"",
				);
				PRODUCT_NAME = "$(TARGET_NAME)";
				TEST_AFTER_BUILD = NO;
				TEST_HOST = "$(BUNDLE_LOADER)";
				WRAPPER_EXTENSION = octest;
			};
			name = Release;
		};
/* End XCBuildConfiguration section */

/* Begin XCConfigurationList section */
		FE96AC06162D8F1100DA6891 /* Build configuration list for PBXProject "whos_who" */ = {
			isa = XCConfigurationList;
			buildConfigurations = (
				FE96AC4E162D8F1100DA6891 /* Debug */,
				FE96AC4F162D8F1100DA6891 /* Release */,
			);
			defaultConfigurationIsVisible = 0;
			defaultConfigurationName = Release;
		};
		FE96AC50162D8F1100DA6891 /* Build configuration list for PBXNativeTarget "whos_who" */ = {
			isa = XCConfigurationList;
			buildConfigurations = (
				FE96AC51162D8F1100DA6891 /* Debug */,
				FE96AC52162D8F1100DA6891 /* Release */,
			);
			defaultConfigurationIsVisible = 0;
			defaultConfigurationName = Release;
		};
		FE96AC53162D8F1100DA6891 /* Build configuration list for PBXNativeTarget "whos_whoTests" */ = {
			isa = XCConfigurationList;
			buildConfigurations = (
				FE96AC54162D8F1100DA6891 /* Debug */,
				FE96AC55162D8F1100DA6891 /* Release */,
			);
			defaultConfigurationIsVisible = 0;
			defaultConfigurationName = Release;
		};
/* End XCConfigurationList section */
	};
	rootObject = FE96AC03162D8F1100DA6891 /* Project object */;
}
